
Microsoft Visual Studio Solution File, Format Version 12.00
# Visual Studio Version 17
VisualStudioVersion = 17.14.36301.6 d17.14
MinimumVisualStudioVersion = 10.0.40219.1
Project("{FAE04EC0-301F-11D3-BF4B-00C04F79EFBC}") = "Youtubetowavconverter1", "Youtubetowavconverter1\Youtubetowavconverter1.csproj", "{F8BAF141-5563-4940-91B0-50AB3C7C30E1}"
EndProject
Global
	GlobalSection(SolutionConfigurationPlatforms) = preSolution
		Debug|Any CPU = Debug|Any CPU
		Release|Any CPU = Release|Any CPU
	EndGlobalSection
	GlobalSection(ProjectConfigurationPlatforms) = postSolution
		{F8BAF141-5563-4940-91B0-50AB3C7C30E1}.Debug|Any CPU.ActiveCfg = Debug|Any CPU
		{F8BAF141-5563-4940-91B0-50AB3C7C30E1}.Debug|Any CPU.Build.0 = Debug|Any CPU
		{F8BAF141-5563-4940-91B0-50AB3C7C30E1}.Release|Any CPU.ActiveCfg = Release|Any CPU
		{F8BAF141-5563-4940-91B0-50AB3C7C30E1}.Release|Any CPU.Build.0 = Release|Any CPU
	EndGlobalSection
	GlobalSection(SolutionProperties) = preSolution
		HideSolutionNode = FALSE
	EndGlobalSection
	GlobalSection(ExtensibilityGlobals) = postSolution
		SolutionGuid = {A9CBF667-4627-4D45-9520-28C4B3CA0E7C}
	EndGlobalSection
EndGlobal
